
Microsoft Visual Studio Solution File, Format Version 12.00
# Visual Studio Version 16
VisualStudioVersion = 16.0.30804.86
MinimumVisualStudioVersion = 10.0.40219.1
Project("{8BC9CEB8-8B4A-11D0-8D11-00A0C91BC942}") = "TDD", "TDD\TDD.vcxproj", "{D760A34B-A824-40B0-B38F-BB554F34AEAF}"
EndProject
Global
	GlobalSection(SolutionConfigurationPlatforms) = preSolution
		Debug|x64 = Debug|x64
		Debug|x86 = Debug|x86
		Release|x64 = Release|x64
		Release|x86 = Release|x86
	EndGlobalSection
	GlobalSection(ProjectConfigurationPlatforms) = postSolution
		{D760A34B-A824-40B0-B38F-BB554F34AEAF}.Debug|x64.ActiveCfg = Debug|x64
		{D760A34B-A824-40B0-B38F-BB554F34AEAF}.Debug|x64.Build.0 = Debug|x64
		{D760A34B-A824-40B0-B38F-BB554F34AEAF}.Debug|x86.ActiveCfg = Debug|Win32
		{D760A34B-A824-40B0-B38F-BB554F34AEAF}.Debug|x86.Build.0 = Debug|Win32
		{D760A34B-A824-40B0-B38F-BB554F34AEAF}.Release|x64.ActiveCfg = Release|x64
		{D760A34B-A824-40B0-B38F-BB554F34AEAF}.Release|x64.Build.0 = Release|x64
		{D760A34B-A824-40B0-B38F-BB554F34AEAF}.Release|x86.ActiveCfg = Release|Win32
		{D760A34B-A824-40B0-B38F-BB554F34AEAF}.Release|x86.Build.0 = Release|Win32
	EndGlobalSection
	GlobalSection(SolutionProperties) = preSolution
		HideSolutionNode = FALSE
	EndGlobalSection
	GlobalSection(ExtensibilityGlobals) = postSolution
		SolutionGuid = {C4F7C26E-51D4-47C6-BB4A-080577E92119}
	EndGlobalSection
EndGlobal
